
Microsoft Visual Studio Solution File, Format Version 11.00
# Visual Studio 2010
Project("{FAE04EC0-301F-11D3-BF4B-00C04F79EFBC}") = "Assembly-CSharp", "Assembly-CSharp.csproj", "{ee891607-ea14-932e-55f9-55d562ef1e66}"
EndProject
Project("{FAE04EC0-301F-11D3-BF4B-00C04F79EFBC}") = "Assembly-CSharp-Editor", "Assembly-CSharp-Editor.csproj", "{3d215a14-6f63-1cb4-e059-40cde3d1103e}"
EndProject
Global
	GlobalSection(SolutionConfigurationPlatforms) = preSolution
		Debug|Any CPU = Debug|Any CPU
	EndGlobalSection
	GlobalSection(ProjectConfigurationPlatforms) = postSolution
		{ee891607-ea14-932e-55f9-55d562ef1e66}.Debug|Any CPU.ActiveCfg = Debug|Any CPU
		{ee891607-ea14-932e-55f9-55d562ef1e66}.Debug|Any CPU.Build.0 = Debug|Any CPU
		{3d215a14-6f63-1cb4-e059-40cde3d1103e}.Debug|Any CPU.ActiveCfg = Debug|Any CPU
		{3d215a14-6f63-1cb4-e059-40cde3d1103e}.Debug|Any CPU.Build.0 = Debug|Any CPU
	EndGlobalSection
	GlobalSection(SolutionProperties) = preSolution
		HideSolutionNode = FALSE
	EndGlobalSection
EndGlobal
